// !$*UTF8*$!
{
	archiveVersion = 1;
	classes = {
	};
	objectVersion = 50;
	objects = {

/* Begin PBXBuildFile section */
		11A58C1D2554005F0022B755 /* AppDelegate.swift in Sources */ = {isa = PBXBuildFile; fileRef = 11A58C1C2554005F0022B755 /* AppDelegate.swift */; };
		11A58C1F2554005F0022B755 /* SceneDelegate.swift in Sources */ = {isa = PBXBuildFile; fileRef = 11A58C1E2554005F0022B755 /* SceneDelegate.swift */; };
		11A58C212554005F0022B755 /* ViewController.swift in Sources */ = {isa = PBXBuildFile; fileRef = 11A58C202554005F0022B755 /* ViewController.swift */; };
		11A58C242554005F0022B755 /* Main.storyboard in Resources */ = {isa = PBXBuildFile; fileRef = 11A58C222554005F0022B755 /* Main.storyboard */; };
		11A58C26255400600022B755 /* Assets.xcassets in Resources */ = {isa = PBXBuildFile; fileRef = 11A58C25255400600022B755 /* Assets.xcassets */; };
		11A58C29255400600022B755 /* LaunchScreen.storyboard in Resources */ = {isa = PBXBuildFile; fileRef = 11A58C27255400600022B755 /* LaunchScreen.storyboard */; };
		11A58C31255401AC0022B755 /* StringFormatter.swift in Sources */ = {isa = PBXBuildFile; fileRef = 11A58C30255401AC0022B755 /* StringFormatter.swift */; };
/* End PBXBuildFile section */

/* Begin PBXFileReference section */
		11A58C192554005F0022B755 /* TextInputFormatter.app */ = {isa = PBXFileReference; explicitFileType = wrapper.application; includeInIndex = 0; path = TextInputFormatter.app; sourceTree = BUILT_PRODUCTS_DIR; };
		11A58C1C2554005F0022B755 /* AppDelegate.swift */ = {isa = PBXFileReference; lastKnownFileType = sourcecode.swift; path = AppDelegate.swift; sourceTree = "<group>"; };
		11A58C1E2554005F0022B755 /* SceneDelegate.swift */ = {isa = PBXFileReference; lastKnownFileType = sourcecode.swift; path = SceneDelegate.swift; sourceTree = "<group>"; };
		11A58C202554005F0022B755 /* ViewController.swift */ = {isa = PBXFileReference; lastKnownFileType = sourcecode.swift; path = ViewController.swift; sourceTree = "<group>"; };
		11A58C232554005F0022B755 /* Base */ = {isa = PBXFileReference; lastKnownFileType = file.storyboard; name = Base; path = Base.lproj/Main.storyboard; sourceTree = "<group>"; };
		11A58C25255400600022B755 /* Assets.xcassets */ = {isa = PBXFileReference; lastKnownFileType = folder.assetcatalog; path = Assets.xcassets; sourceTree = "<group>"; };
		11A58C28255400600022B755 /* Base */ = {isa = PBXFileReference; lastKnownFileType = file.storyboard; name = Base; path = Base.lproj/LaunchScreen.storyboard; sourceTree = "<group>"; };
		11A58C2A255400600022B755 /* Info.plist */ = {isa = PBXFileReference; lastKnownFileType = text.plist.xml; path = Info.plist; sourceTree = "<group>"; };
		11A58C30255401AC0022B755 /* StringFormatter.swift */ = {isa = PBXFileReference; fileEncoding = 4; lastKnownFileType = sourcecode.swift; path = StringFormatter.swift; sourceTree = "<group>"; };
/* End PBXFileReference section */

/* Begin PBXFrameworksBuildPhase section */
		11A58C162554005F0022B755 /* Frameworks */ = {
			isa = PBXFrameworksBuildPhase;
			buildActionMask = 2147483647;
			files = (
			);
			runOnlyForDeploymentPostprocessing = 0;
		};
/* End PBXFrameworksBuildPhase section */

/* Begin PBXGroup section */
		11A58C102554005F0022B755 = {
			isa = PBXGroup;
			children = (
				11A58C1B2554005F0022B755 /* TextInputFormatter */,
				11A58C1A2554005F0022B755 /* Products */,
			);
			sourceTree = "<group>";
		};
		11A58C1A2554005F0022B755 /* Products */ = {
			isa = PBXGroup;
			children = (
				11A58C192554005F0022B755 /* TextInputFormatter.app */,
			);
			name = Products;
			sourceTree = "<group>";
		};
		11A58C1B2554005F0022B755 /* TextInputFormatter */ = {
			isa = PBXGroup;
			children = (
				11A58C30255401AC0022B755 /* StringFormatter.swift */,
				11A58C1C2554005F0022B755 /* AppDelegate.swift */,
				11A58C1E2554005F0022B755 /* SceneDelegate.swift */,
				11A58C202554005F0022B755 /* ViewController.swift */,
				11A58C222554005F0022B755 /* Main.storyboard */,
				11A58C25255400600022B755 /* Assets.xcassets */,
				11A58C27255400600022B755 /* LaunchScreen.storyboard */,
				11A58C2A255400600022B755 /* Info.plist */,
			);
			path = TextInputFormatter;
			sourceTree = "<group>";
		};
/* End PBXGroup section */

/* Begin PBXNativeTarget section */
		11A58C182554005F0022B755 /* TextInputFormatter */ = {
			isa = PBXNativeTarget;
			buildConfigurationList = 11A58C2D255400600022B755 /* Build configuration list for PBXNativeTarget "TextInputFormatter" */;
			buildPhases = (
				11A58C152554005F0022B755 /* Sources */,
				11A58C162554005F0022B755 /* Frameworks */,
				11A58C172554005F0022B755 /* Resources */,
			);
			buildRules = (
			);
			dependencies = (
			);
			name = TextInputFormatter;
			productName = TextInputFormatter;
			productReference = 11A58C192554005F0022B755 /* TextInputFormatter.app */;
			productType = "com.apple.product-type.application";
		};
/* End PBXNativeTarget section */

/* Begin PBXProject section */
		11A58C112554005F0022B755 /* Project object */ = {
			isa = PBXProject;
			attributes = {
				LastSwiftUpdateCheck = 1170;
				LastUpgradeCheck = 1170;
				ORGANIZATIONNAME = vermamukesh;
				TargetAttributes = {
					11A58C182554005F0022B755 = {
						CreatedOnToolsVersion = 11.7;
					};
				};
			};
			buildConfigurationList = 11A58C142554005F0022B755 /* Build configuration list for PBXProject "TextInputFormatter" */;
			compatibilityVersion = "Xcode 9.3";
			developmentRegion = en;
			hasScannedForEncodings = 0;
			knownRegions = (
				en,
				Base,
			);
			mainGroup = 11A58C102554005F0022B755;
			productRefGroup = 11A58C1A2554005F0022B755 /* Products */;
			projectDirPath = "";
			projectRoot = "";
			targets = (
				11A58C182554005F0022B755 /* TextInputFormatter */,
			);
		};
/* End PBXProject section */

/* Begin PBXResourcesBuildPhase section */
		11A58C172554005F0022B755 /* Resources */ = {
			isa = PBXResourcesBuildPhase;
			buildActionMask = 2147483647;
			files = (
				11A58C29255400600022B755 /* LaunchScreen.storyboard in Resources */,
				11A58C26255400600022B755 /* Assets.xcassets in Resources */,
				11A58C242554005F0022B755 /* Main.storyboard in Resources */,
			);
			runOnlyForDeploymentPostprocessing = 0;
		};
/* End PBXResourcesBuildPhase section */

/* Begin PBXSourcesBuildPhase section */
		11A58C152554005F0022B755 /* Sources */ = {
			isa = PBXSourcesBuildPhase;
			buildActionMask = 2147483647;
			files = (
				11A58C212554005F0022B755 /* ViewController.swift in Sources */,
				11A58C1D2554005F0022B755 /* AppDelegate.swift in Sources */,
				11A58C1F2554005F0022B755 /* SceneDelegate.swift in Sources */,
				11A58C31255401AC0022B755 /* StringFormatter.swift in Sources */,
			);
			runOnlyForDeploymentPostprocessing = 0;
		};
/* End PBXSourcesBuildPhase section */

/* Begin PBXVariantGroup section */
		11A58C222554005F0022B755 /* Main.storyboard */ = {
			isa = PBXVariantGroup;
			children = (
				11A58C232554005F0022B755 /* Base */,
			);
			name = Main.storyboard;
			sourceTree = "<group>";
		};
		11A58C27255400600022B755 /* LaunchScreen.storyboard */ = {
			isa = PBXVariantGroup;
			children = (
				11A58C28255400600022B755 /* Base */,
			);
			name = LaunchScreen.storyboard;
			sourceTree = "<group>";
		};
/* End PBXVariantGroup section */

/* Begin XCBuildConfiguration section */
		11A58C2B255400600022B755 /* Debug */ = {
			isa = XCBuildConfiguration;
			buildSettings = {
				ALWAYS_SEARCH_USER_PATHS = NO;
				CLANG_ANALYZER_NONNULL = YES;
				CLANG_ANALYZER_NUMBER_OBJECT_CONVERSION = YES_AGGRESSIVE;
				CLANG_CXX_LANGUAGE_STANDARD = "gnu++14";
				CLANG_CXX_LIBRARY = "libc++";
				CLANG_ENABLE_MODULES = YES;
				CLANG_ENABLE_OBJC_ARC = YES;
				CLANG_ENABLE_OBJC_WEAK = YES;
				CLANG_WARN_BLOCK_CAPTURE_AUTORELEASING = YES;
				CLANG_WARN_BOOL_CONVERSION = YES;
				CLANG_WARN_COMMA = YES;
				CLANG_WARN_CONSTANT_CONVERSION = YES;
				CLANG_WARN_DEPRECATED_OBJC_IMPLEMENTATIONS = YES;
				CLANG_WARN_DIRECT_OBJC_ISA_USAGE = YES_ERROR;
				CLANG_WARN_DOCUMENTATION_COMMENTS = YES;
				CLANG_WARN_EMPTY_BODY = YES;
				CLANG_WARN_ENUM_CONVERSION = YES;
				CLANG_WARN_INFINITE_RECURSION = YES;
				CLANG_WARN_INT_CONVERSION = YES;
				CLANG_WARN_NON_LITERAL_NULL_CONVERSION = YES;
				CLANG_WARN_OBJC_IMPLICIT_RETAIN_SELF = YES;
				CLANG_WARN_OBJC_LITERAL_CONVERSION = YES;
				CLANG_WARN_OBJC_ROOT_CLASS = YES_ERROR;
				CLANG_WARN_RANGE_LOOP_ANALYSIS = YES;
				CLANG_WARN_STRICT_PROTOTYPES = YES;
				CLANG_WARN_SUSPICIOUS_MOVE = YES;
				CLANG_WARN_UNGUARDED_AVAILABILITY = YES_AGGRESSIVE;
				CLANG_WARN_UNREACHABLE_CODE = YES;
				CLANG_WARN__DUPLICATE_METHOD_MATCH = YES;
				COPY_PHASE_STRIP = NO;
				DEBUG_INFORMATION_FORMAT = dwarf;
				ENABLE_STRICT_OBJC_MSGSEND = YES;
				ENABLE_TESTABILITY = YES;
				GCC_C_LANGUAGE_STANDARD = gnu11;
				GCC_DYNAMIC_NO_PIC = NO;
				GCC_NO_COMMON_BLOCKS = YES;
				GCC_OPTIMIZATION_LEVEL = 0;
				GCC_PREPROCESSOR_DEFINITIONS = (
					"DEBUG=1",
					"$(inherited)",
				);
				GCC_WARN_64_TO_32_BIT_CONVERSION = YES;
				GCC_WARN_ABOUT_RETURN_TYPE = YES_ERROR;
				GCC_WARN_UNDECLARED_SELECTOR = YES;
				GCC_WARN_UNINITIALIZED_AUTOS = YES_AGGRESSIVE;
				GCC_WARN_UNUSED_FUNCTION = YES;
				GCC_WARN_UNUSED_VARIABLE = YES;
				IPHONEOS_DEPLOYMENT_TARGET = 13.7;
				MTL_ENABLE_DEBUG_INFO = INCLUDE_SOURCE;
				MTL_FAST_MATH = YES;
				ONLY_ACTIVE_ARCH = YES;
				SDKROOT = iphoneos;
				SWIFT_ACTIVE_COMPILATION_CONDITIONS = DEBUG;
				SWIFT_OPTIMIZATION_LEVEL = "-Onone";
			};
			name = Debug;
		};
		11A58C2C255400600022B755 /* Release */ = {
			isa = XCBuildConfiguration;
			buildSettings = {
				ALWAYS_SEARCH_USER_PATHS = NO;
				CLANG_ANALYZER_NONNULL = YES;
				CLANG_ANALYZER_NUMBER_OBJECT_CONVERSION = YES_AGGRESSIVE;
				CLANG_CXX_LANGUAGE_STANDARD = "gnu++14";
				CLANG_CXX_LIBRARY = "libc++";
				CLANG_ENABLE_MODULES = YES;
				CLANG_ENABLE_OBJC_ARC = YES;
				CLANG_ENABLE_OBJC_WEAK = YES;
				CLANG_WARN_BLOCK_CAPTURE_AUTORELEASING = YES;
				CLANG_WARN_BOOL_CONVERSION = YES;
				CLANG_WARN_COMMA = YES;
				CLANG_WARN_CONSTANT_CONVERSION = YES;
				CLANG_WARN_DEPRECATED_OBJC_IMPLEMENTATIONS = YES;
				CLANG_WARN_DIRECT_OBJC_ISA_USAGE = YES_ERROR;
				CLANG_WARN_DOCUMENTATION_COMMENTS = YES;
				CLANG_WARN_EMPTY_BODY = YES;
				CLANG_WARN_ENUM_CONVERSION = YES;
				CLANG_WARN_INFINITE_RECURSION = YES;
				CLANG_WARN_INT_CONVERSION = YES;
				CLANG_WARN_NON_LITERAL_NULL_CONVERSION = YES;
				CLANG_WARN_OBJC_IMPLICIT_RETAIN_SELF = YES;
				CLANG_WARN_OBJC_LITERAL_CONVERSION = YES;
				CLANG_WARN_OBJC_ROOT_CLASS = YES_ERROR;
				CLANG_WARN_RANGE_LOOP_ANALYSIS = YES;
				CLANG_WARN_STRICT_PROTOTYPES = YES;
				CLANG_WARN_SUSPICIOUS_MOVE = YES;
				CLANG_WARN_UNGUARDED_AVAILABILITY = YES_AGGRESSIVE;
				CLANG_WARN_UNREACHABLE_CODE = YES;
				CLANG_WARN__DUPLICATE_METHOD_MATCH = YES;
				COPY_PHASE_STRIP = NO;
				DEBUG_INFORMATION_FORMAT = "dwarf-with-dsym";
				ENABLE_NS_ASSERTIONS = NO;
				ENABLE_STRICT_OBJC_MSGSEND = YES;
				GCC_C_LANGUAGE_STANDARD = gnu11;
				GCC_NO_COMMON_BLOCKS = YES;
				GCC_WARN_64_TO_32_BIT_CONVERSION = YES;
				GCC_WARN_ABOUT_RETURN_TYPE = YES_ERROR;
				GCC_WARN_UNDECLARED_SELECTOR = YES;
				GCC_WARN_UNINITIALIZED_AUTOS = YES_AGGRESSIVE;
				GCC_WARN_UNUSED_FUNCTION = YES;
				GCC_WARN_UNUSED_VARIABLE = YES;
				IPHONEOS_DEPLOYMENT_TARGET = 13.7;
				MTL_ENABLE_DEBUG_INFO = NO;
				MTL_FAST_MATH = YES;
				SDKROOT = iphoneos;
				SWIFT_COMPILATION_MODE = wholemodule;
				SWIFT_OPTIMIZATION_LEVEL = "-O";
				VALIDATE_PRODUCT = YES;
			};
			name = Release;
		};
		11A58C2E255400600022B755 /* Debug */ = {
			isa = XCBuildConfiguration;
			buildSettings = {
				ASSETCATALOG_COMPILER_APPICON_NAME = AppIcon;
				CODE_SIGN_STYLE = Automatic;
				DEVELOPMENT_TEAM = DNTJZJWJQC;
				INFOPLIST_FILE = TextInputFormatter/Info.plist;
				LD_RUNPATH_SEARCH_PATHS = (
					"$(inherited)",
					"@executable_path/Frameworks",
				);
				PRODUCT_BUNDLE_IDENTIFIER = com.mukesh.TextInputFormatter;
				PRODUCT_NAME = "$(TARGET_NAME)";
				SWIFT_VERSION = 5.0;
				TARGETED_DEVICE_FAMILY = "1,2";
			};
			name = Debug;
		};
		11A58C2F255400600022B755 /* Release */ = {
			isa = XCBuildConfiguration;
			buildSettings = {
				ASSETCATALOG_COMPILER_APPICON_NAME = AppIcon;
				CODE_SIGN_STYLE = Automatic;
				DEVELOPMENT_TEAM = DNTJZJWJQC;
				INFOPLIST_FILE = TextInputFormatter/Info.plist;
				LD_RUNPATH_SEARCH_PATHS = (
					"$(inherited)",
					"@executable_path/Frameworks",
				);
				PRODUCT_BUNDLE_IDENTIFIER = com.mukesh.TextInputFormatter;
				PRODUCT_NAME = "$(TARGET_NAME)";
				SWIFT_VERSION = 5.0;
				TARGETED_DEVICE_FAMILY = "1,2";
			};
			name = Release;
		};
/* End XCBuildConfiguration section */

/* Begin XCConfigurationList section */
		11A58C142554005F0022B755 /* Build configuration list for PBXProject "TextInputFormatter" */ = {
			isa = XCConfigurationList;
			buildConfigurations = (
				11A58C2B255400600022B755 /* Debug */,
				11A58C2C255400600022B755 /* Release */,
			);
			defaultConfigurationIsVisible = 0;
			defaultConfigurationName = Release;
		};
		11A58C2D255400600022B755 /* Build configuration list for PBXNativeTarget "TextInputFormatter" */ = {
			isa = XCConfigurationList;
			buildConfigurations = (
				11A58C2E255400600022B755 /* Debug */,
				11A58C2F255400600022B755 /* Release */,
			);
			defaultConfigurationIsVisible = 0;
			defaultConfigurationName = Release;
		};
/* End XCConfigurationList section */
	};
	rootObject = 11A58C112554005F0022B755 /* Project object */;
}
